schema: '2.0'
stages:
  predictions_wise_wolf_pyro_sdis_val:
    cmd:
    - uv run ./scripts/predict.py --save-dir ./data/interim/pyro-sdis/val/predictions/wise_wolf/
      --dir-images "./data/raw/pyro-sdis/images/val/" --filepath-weights ./data/external/models/wise_wolf/weights/yolov11s.pt
      --loglevel "info"
    deps:
    - path: ./data/external/models/wise_wolf/weights/yolov11s.pt
      hash: md5
      md5: 1b692922ce755191e20bb29d9ed8fad3
      size: 19261779
    - path: ./data/raw/pyro-sdis/images/val/
      hash: md5
      md5: 128120c2d9dfc1ac5ad01b0a9f38c0e4.dir
      size: 390351269
      nfiles: 4099
    - path: ./scripts/predict.py
      hash: md5
      md5: 7e755bb2715ce2555edeca2c1837c920
      size: 3235
    outs:
    - path: ./data/interim/pyro-sdis/val/predictions/wise_wolf/
      hash: md5
      md5: d89f9c0184042778bec688ea70182a32.dir
      size: 384380
      nfiles: 4099
  data_pyro_sdis_testset:
    cmd:
    - uv run ./scripts/install_local_huggingface_dataset.py --save-dir "./data/raw/pyro-sdis-testset/"
      --data-dir "./data/raw/pyro-sdis-testset-parquet/" --loglevel "info"
    deps:
    - path: ./data/raw/pyro-sdis-testset-parquet/
      hash: md5
      md5: 7b9d1f53b6b88d8233a90299969e3602.dir
      size: 408292029
      nfiles: 1
    - path: ./scripts/install_local_huggingface_dataset.py
      hash: md5
      md5: e9cf6959daf9f5509035431451cdae63
      size: 3469
    outs:
    - path: ./data/raw/pyro-sdis-testset/
      hash: md5
      md5: 694357d359cc048f59eeb3b1a85e47ee.dir
      size: 408834037
      nfiles: 7780
